
Microsoft Visual Studio Solution File, Format Version 12.00
# Visual Studio Version 17
VisualStudioVersion = 17.6.33829.357
MinimumVisualStudioVersion = 10.0.40219.1
Project("{9A19103F-16F7-4668-BE54-9A1E7A4F7556}") = "SheduleServer API", "SheduleServer API\SheduleServer API.csproj", "{DBE5C4F4-5536-42DB-AE3D-A58BF4355BBA}"
EndProject
Project("{2150E333-8FDC-42A3-9474-1A3956D46DE8}") = "SheduleServer.Domain", "SheduleServer.Domain", "{7C79ADFC-0AEF-4822-BE60-EB8B30DB2A77}"
EndProject
Project("{9A19103F-16F7-4668-BE54-9A1E7A4F7556}") = "SheduleServer.Domain", "SheduleServer.Domain\SheduleServer.Domain.csproj", "{377832A9-6CA5-4FF0-B006-D6A55A2AF080}"
EndProject
Project("{2150E333-8FDC-42A3-9474-1A3956D46DE8}") = "SheduleServer.DAL", "SheduleServer.DAL", "{DEC73D66-0515-469F-8B4B-5BBE0C5870DC}"
EndProject
Project("{FAE04EC0-301F-11D3-BF4B-00C04F79EFBC}") = "SheduleServer.DAL", "SheduleServer.DAL\SheduleServer.DAL.csproj", "{3067ACF6-DD66-4B24-A8FE-7460622C9D41}"
EndProject
Global
	GlobalSection(SolutionConfigurationPlatforms) = preSolution
		Debug|Any CPU = Debug|Any CPU
		Release|Any CPU = Release|Any CPU
	EndGlobalSection
	GlobalSection(ProjectConfigurationPlatforms) = postSolution
		{DBE5C4F4-5536-42DB-AE3D-A58BF4355BBA}.Debug|Any CPU.ActiveCfg = Debug|Any CPU
		{DBE5C4F4-5536-42DB-AE3D-A58BF4355BBA}.Debug|Any CPU.Build.0 = Debug|Any CPU
		{DBE5C4F4-5536-42DB-AE3D-A58BF4355BBA}.Release|Any CPU.ActiveCfg = Release|Any CPU
		{DBE5C4F4-5536-42DB-AE3D-A58BF4355BBA}.Release|Any CPU.Build.0 = Release|Any CPU
		{377832A9-6CA5-4FF0-B006-D6A55A2AF080}.Debug|Any CPU.ActiveCfg = Debug|Any CPU
		{377832A9-6CA5-4FF0-B006-D6A55A2AF080}.Debug|Any CPU.Build.0 = Debug|Any CPU
		{377832A9-6CA5-4FF0-B006-D6A55A2AF080}.Release|Any CPU.ActiveCfg = Release|Any CPU
		{377832A9-6CA5-4FF0-B006-D6A55A2AF080}.Release|Any CPU.Build.0 = Release|Any CPU
		{3067ACF6-DD66-4B24-A8FE-7460622C9D41}.Debug|Any CPU.ActiveCfg = Debug|Any CPU
		{3067ACF6-DD66-4B24-A8FE-7460622C9D41}.Debug|Any CPU.Build.0 = Debug|Any CPU
		{3067ACF6-DD66-4B24-A8FE-7460622C9D41}.Release|Any CPU.ActiveCfg = Release|Any CPU
		{3067ACF6-DD66-4B24-A8FE-7460622C9D41}.Release|Any CPU.Build.0 = Release|Any CPU
	EndGlobalSection
	GlobalSection(SolutionProperties) = preSolution
		HideSolutionNode = FALSE
	EndGlobalSection
	GlobalSection(NestedProjects) = preSolution
		{377832A9-6CA5-4FF0-B006-D6A55A2AF080} = {7C79ADFC-0AEF-4822-BE60-EB8B30DB2A77}
		{3067ACF6-DD66-4B24-A8FE-7460622C9D41} = {DEC73D66-0515-469F-8B4B-5BBE0C5870DC}
	EndGlobalSection
	GlobalSection(ExtensibilityGlobals) = postSolution
		SolutionGuid = {CD2C1E23-BF74-4DD3-A730-FF2797A86436}
	EndGlobalSection
EndGlobal
